
Microsoft Visual Studio Solution File, Format Version 12.00
# Visual Studio Version 16
VisualStudioVersion = 16.0.30804.86
MinimumVisualStudioVersion = 10.0.40219.1
Project("{FAE04EC0-301F-11D3-BF4B-00C04F79EFBC}") = "Eventool", "Eventool\Eventool.csproj", "{71665CD1-9E66-4A1C-B1D8-592F27D6F4DA}"
EndProject
Global
	GlobalSection(SolutionConfigurationPlatforms) = preSolution
		Debug|Any CPU = Debug|Any CPU
		Release|Any CPU = Release|Any CPU
	EndGlobalSection
	GlobalSection(ProjectConfigurationPlatforms) = postSolution
		{71665CD1-9E66-4A1C-B1D8-592F27D6F4DA}.Debug|Any CPU.ActiveCfg = Debug|Any CPU
		{71665CD1-9E66-4A1C-B1D8-592F27D6F4DA}.Debug|Any CPU.Build.0 = Debug|Any CPU
		{71665CD1-9E66-4A1C-B1D8-592F27D6F4DA}.Release|Any CPU.ActiveCfg = Release|Any CPU
		{71665CD1-9E66-4A1C-B1D8-592F27D6F4DA}.Release|Any CPU.Build.0 = Release|Any CPU
	EndGlobalSection
	GlobalSection(SolutionProperties) = preSolution
		HideSolutionNode = FALSE
	EndGlobalSection
	GlobalSection(ExtensibilityGlobals) = postSolution
		SolutionGuid = {03715CD4-7470-41B9-BCAD-CB0ACC3B360C}
	EndGlobalSection
EndGlobal
