
Microsoft Visual Studio Solution File, Format Version 12.00
# Visual Studio Version 16
VisualStudioVersion = 16.0.30804.86
MinimumVisualStudioVersion = 10.0.40219.1
Project("{9A19103F-16F7-4668-BE54-9A1E7A4F7556}") = "Eventool", "Eventool\Eventool.csproj", "{4ADF9D4A-F5E5-4AD7-BB60-AD0EE8AE3C25}"
EndProject
Project("{9A19103F-16F7-4668-BE54-9A1E7A4F7556}") = "Eventool.Domain", "Eventool.Domain\Eventool.Domain.csproj", "{80CC6BF5-F9C8-4187-A11D-6E03B63389E4}"
EndProject
Project("{9A19103F-16F7-4668-BE54-9A1E7A4F7556}") = "Eventool.Db", "Eventool.Db\Eventool.Db.csproj", "{00877972-AB15-48B4-9AB1-20C63237F9DA}"
EndProject
Project("{9A19103F-16F7-4668-BE54-9A1E7A4F7556}") = "Eventool.Console", "Eventool.Cmd\Eventool.Console.csproj", "{87378E1E-7E4D-47D5-97D1-F2A18747D04A}"
EndProject
Project("{FAE04EC0-301F-11D3-BF4B-00C04F79EFBC}") = "Eventool.API", "Eventool.API\Eventool.API.csproj", "{85C67FA3-6E17-40A1-86CF-64837F19763A}"
EndProject
Global
	GlobalSection(SolutionConfigurationPlatforms) = preSolution
		Debug|Any CPU = Debug|Any CPU
		Debug|ARM = Debug|ARM
		Debug|ARM64 = Debug|ARM64
		Debug|x64 = Debug|x64
		Debug|x86 = Debug|x86
		Release|Any CPU = Release|Any CPU
		Release|ARM = Release|ARM
		Release|ARM64 = Release|ARM64
		Release|x64 = Release|x64
		Release|x86 = Release|x86
	EndGlobalSection
	GlobalSection(ProjectConfigurationPlatforms) = postSolution
		{4ADF9D4A-F5E5-4AD7-BB60-AD0EE8AE3C25}.Debug|Any CPU.ActiveCfg = Debug|Any CPU
		{4ADF9D4A-F5E5-4AD7-BB60-AD0EE8AE3C25}.Debug|Any CPU.Build.0 = Debug|Any CPU
		{4ADF9D4A-F5E5-4AD7-BB60-AD0EE8AE3C25}.Debug|ARM.ActiveCfg = Debug|Any CPU
		{4ADF9D4A-F5E5-4AD7-BB60-AD0EE8AE3C25}.Debug|ARM.Build.0 = Debug|Any CPU
		{4ADF9D4A-F5E5-4AD7-BB60-AD0EE8AE3C25}.Debug|ARM64.ActiveCfg = Debug|Any CPU
		{4ADF9D4A-F5E5-4AD7-BB60-AD0EE8AE3C25}.Debug|ARM64.Build.0 = Debug|Any CPU
		{4ADF9D4A-F5E5-4AD7-BB60-AD0EE8AE3C25}.Debug|x64.ActiveCfg = Debug|Any CPU
		{4ADF9D4A-F5E5-4AD7-BB60-AD0EE8AE3C25}.Debug|x64.Build.0 = Debug|Any CPU
		{4ADF9D4A-F5E5-4AD7-BB60-AD0EE8AE3C25}.Debug|x86.ActiveCfg = Debug|Any CPU
		{4ADF9D4A-F5E5-4AD7-BB60-AD0EE8AE3C25}.Debug|x86.Build.0 = Debug|Any CPU
		{4ADF9D4A-F5E5-4AD7-BB60-AD0EE8AE3C25}.Release|Any CPU.ActiveCfg = Release|Any CPU
		{4ADF9D4A-F5E5-4AD7-BB60-AD0EE8AE3C25}.Release|Any CPU.Build.0 = Release|Any CPU
		{4ADF9D4A-F5E5-4AD7-BB60-AD0EE8AE3C25}.Release|ARM.ActiveCfg = Release|Any CPU
		{4ADF9D4A-F5E5-4AD7-BB60-AD0EE8AE3C25}.Release|ARM.Build.0 = Release|Any CPU
		{4ADF9D4A-F5E5-4AD7-BB60-AD0EE8AE3C25}.Release|ARM64.ActiveCfg = Release|Any CPU
		{4ADF9D4A-F5E5-4AD7-BB60-AD0EE8AE3C25}.Release|ARM64.Build.0 = Release|Any CPU
		{4ADF9D4A-F5E5-4AD7-BB60-AD0EE8AE3C25}.Release|x64.ActiveCfg = Release|Any CPU
		{4ADF9D4A-F5E5-4AD7-BB60-AD0EE8AE3C25}.Release|x64.Build.0 = Release|Any CPU
		{4ADF9D4A-F5E5-4AD7-BB60-AD0EE8AE3C25}.Release|x86.ActiveCfg = Release|Any CPU
		{4ADF9D4A-F5E5-4AD7-BB60-AD0EE8AE3C25}.Release|x86.Build.0 = Release|Any CPU
		{80CC6BF5-F9C8-4187-A11D-6E03B63389E4}.Debug|Any CPU.ActiveCfg = Debug|Any CPU
		{80CC6BF5-F9C8-4187-A11D-6E03B63389E4}.Debug|Any CPU.Build.0 = Debug|Any CPU
		{80CC6BF5-F9C8-4187-A11D-6E03B63389E4}.Debug|ARM.ActiveCfg = Debug|Any CPU
		{80CC6BF5-F9C8-4187-A11D-6E03B63389E4}.Debug|ARM.Build.0 = Debug|Any CPU
		{80CC6BF5-F9C8-4187-A11D-6E03B63389E4}.Debug|ARM64.ActiveCfg = Debug|Any CPU
		{80CC6BF5-F9C8-4187-A11D-6E03B63389E4}.Debug|ARM64.Build.0 = Debug|Any CPU
		{80CC6BF5-F9C8-4187-A11D-6E03B63389E4}.Debug|x64.ActiveCfg = Debug|Any CPU
		{80CC6BF5-F9C8-4187-A11D-6E03B63389E4}.Debug|x64.Build.0 = Debug|Any CPU
		{80CC6BF5-F9C8-4187-A11D-6E03B63389E4}.Debug|x86.ActiveCfg = Debug|Any CPU
		{80CC6BF5-F9C8-4187-A11D-6E03B63389E4}.Debug|x86.Build.0 = Debug|Any CPU
		{80CC6BF5-F9C8-4187-A11D-6E03B63389E4}.Release|Any CPU.ActiveCfg = Release|Any CPU
		{80CC6BF5-F9C8-4187-A11D-6E03B63389E4}.Release|Any CPU.Build.0 = Release|Any CPU
		{80CC6BF5-F9C8-4187-A11D-6E03B63389E4}.Release|ARM.ActiveCfg = Release|Any CPU
		{80CC6BF5-F9C8-4187-A11D-6E03B63389E4}.Release|ARM.Build.0 = Release|Any CPU
		{80CC6BF5-F9C8-4187-A11D-6E03B63389E4}.Release|ARM64.ActiveCfg = Release|Any CPU
		{80CC6BF5-F9C8-4187-A11D-6E03B63389E4}.Release|ARM64.Build.0 = Release|Any CPU
		{80CC6BF5-F9C8-4187-A11D-6E03B63389E4}.Release|x64.ActiveCfg = Release|Any CPU
		{80CC6BF5-F9C8-4187-A11D-6E03B63389E4}.Release|x64.Build.0 = Release|Any CPU
		{80CC6BF5-F9C8-4187-A11D-6E03B63389E4}.Release|x86.ActiveCfg = Release|Any CPU
		{80CC6BF5-F9C8-4187-A11D-6E03B63389E4}.Release|x86.Build.0 = Release|Any CPU
		{00877972-AB15-48B4-9AB1-20C63237F9DA}.Debug|Any CPU.ActiveCfg = Debug|Any CPU
		{00877972-AB15-48B4-9AB1-20C63237F9DA}.Debug|Any CPU.Build.0 = Debug|Any CPU
		{00877972-AB15-48B4-9AB1-20C63237F9DA}.Debug|ARM.ActiveCfg = Debug|Any CPU
		{00877972-AB15-48B4-9AB1-20C63237F9DA}.Debug|ARM.Build.0 = Debug|Any CPU
		{00877972-AB15-48B4-9AB1-20C63237F9DA}.Debug|ARM64.ActiveCfg = Debug|Any CPU
		{00877972-AB15-48B4-9AB1-20C63237F9DA}.Debug|ARM64.Build.0 = Debug|Any CPU
		{00877972-AB15-48B4-9AB1-20C63237F9DA}.Debug|x64.ActiveCfg = Debug|Any CPU
		{00877972-AB15-48B4-9AB1-20C63237F9DA}.Debug|x64.Build.0 = Debug|Any CPU
		{00877972-AB15-48B4-9AB1-20C63237F9DA}.Debug|x86.ActiveCfg = Debug|Any CPU
		{00877972-AB15-48B4-9AB1-20C63237F9DA}.Debug|x86.Build.0 = Debug|Any CPU
		{00877972-AB15-48B4-9AB1-20C63237F9DA}.Release|Any CPU.ActiveCfg = Release|Any CPU
		{00877972-AB15-48B4-9AB1-20C63237F9DA}.Release|Any CPU.Build.0 = Release|Any CPU
		{00877972-AB15-48B4-9AB1-20C63237F9DA}.Release|ARM.ActiveCfg = Release|Any CPU
		{00877972-AB15-48B4-9AB1-20C63237F9DA}.Release|ARM.Build.0 = Release|Any CPU
		{00877972-AB15-48B4-9AB1-20C63237F9DA}.Release|ARM64.ActiveCfg = Release|Any CPU
		{00877972-AB15-48B4-9AB1-20C63237F9DA}.Release|ARM64.Build.0 = Release|Any CPU
		{00877972-AB15-48B4-9AB1-20C63237F9DA}.Release|x64.ActiveCfg = Release|Any CPU
		{00877972-AB15-48B4-9AB1-20C63237F9DA}.Release|x64.Build.0 = Release|Any CPU
		{00877972-AB15-48B4-9AB1-20C63237F9DA}.Release|x86.ActiveCfg = Release|Any CPU
		{00877972-AB15-48B4-9AB1-20C63237F9DA}.Release|x86.Build.0 = Release|Any CPU
		{87378E1E-7E4D-47D5-97D1-F2A18747D04A}.Debug|Any CPU.ActiveCfg = Debug|Any CPU
		{87378E1E-7E4D-47D5-97D1-F2A18747D04A}.Debug|Any CPU.Build.0 = Debug|Any CPU
		{87378E1E-7E4D-47D5-97D1-F2A18747D04A}.Debug|ARM.ActiveCfg = Debug|Any CPU
		{87378E1E-7E4D-47D5-97D1-F2A18747D04A}.Debug|ARM.Build.0 = Debug|Any CPU
		{87378E1E-7E4D-47D5-97D1-F2A18747D04A}.Debug|ARM64.ActiveCfg = Debug|Any CPU
		{87378E1E-7E4D-47D5-97D1-F2A18747D04A}.Debug|ARM64.Build.0 = Debug|Any CPU
		{87378E1E-7E4D-47D5-97D1-F2A18747D04A}.Debug|x64.ActiveCfg = Debug|Any CPU
		{87378E1E-7E4D-47D5-97D1-F2A18747D04A}.Debug|x64.Build.0 = Debug|Any CPU
		{87378E1E-7E4D-47D5-97D1-F2A18747D04A}.Debug|x86.ActiveCfg = Debug|Any CPU
		{87378E1E-7E4D-47D5-97D1-F2A18747D04A}.Debug|x86.Build.0 = Debug|Any CPU
		{87378E1E-7E4D-47D5-97D1-F2A18747D04A}.Release|Any CPU.ActiveCfg = Release|Any CPU
		{87378E1E-7E4D-47D5-97D1-F2A18747D04A}.Release|Any CPU.Build.0 = Release|Any CPU
		{87378E1E-7E4D-47D5-97D1-F2A18747D04A}.Release|ARM.ActiveCfg = Release|Any CPU
		{87378E1E-7E4D-47D5-97D1-F2A18747D04A}.Release|ARM.Build.0 = Release|Any CPU
		{87378E1E-7E4D-47D5-97D1-F2A18747D04A}.Release|ARM64.ActiveCfg = Release|Any CPU
		{87378E1E-7E4D-47D5-97D1-F2A18747D04A}.Release|ARM64.Build.0 = Release|Any CPU
		{87378E1E-7E4D-47D5-97D1-F2A18747D04A}.Release|x64.ActiveCfg = Release|Any CPU
		{87378E1E-7E4D-47D5-97D1-F2A18747D04A}.Release|x64.Build.0 = Release|Any CPU
		{87378E1E-7E4D-47D5-97D1-F2A18747D04A}.Release|x86.ActiveCfg = Release|Any CPU
		{87378E1E-7E4D-47D5-97D1-F2A18747D04A}.Release|x86.Build.0 = Release|Any CPU
		{85C67FA3-6E17-40A1-86CF-64837F19763A}.Debug|Any CPU.ActiveCfg = Debug|Any CPU
		{85C67FA3-6E17-40A1-86CF-64837F19763A}.Debug|Any CPU.Build.0 = Debug|Any CPU
		{85C67FA3-6E17-40A1-86CF-64837F19763A}.Debug|ARM.ActiveCfg = Debug|Any CPU
		{85C67FA3-6E17-40A1-86CF-64837F19763A}.Debug|ARM.Build.0 = Debug|Any CPU
		{85C67FA3-6E17-40A1-86CF-64837F19763A}.Debug|ARM64.ActiveCfg = Debug|Any CPU
		{85C67FA3-6E17-40A1-86CF-64837F19763A}.Debug|ARM64.Build.0 = Debug|Any CPU
		{85C67FA3-6E17-40A1-86CF-64837F19763A}.Debug|x64.ActiveCfg = Debug|Any CPU
		{85C67FA3-6E17-40A1-86CF-64837F19763A}.Debug|x64.Build.0 = Debug|Any CPU
		{85C67FA3-6E17-40A1-86CF-64837F19763A}.Debug|x86.ActiveCfg = Debug|Any CPU
		{85C67FA3-6E17-40A1-86CF-64837F19763A}.Debug|x86.Build.0 = Debug|Any CPU
		{85C67FA3-6E17-40A1-86CF-64837F19763A}.Release|Any CPU.ActiveCfg = Release|Any CPU
		{85C67FA3-6E17-40A1-86CF-64837F19763A}.Release|Any CPU.Build.0 = Release|Any CPU
		{85C67FA3-6E17-40A1-86CF-64837F19763A}.Release|ARM.ActiveCfg = Release|Any CPU
		{85C67FA3-6E17-40A1-86CF-64837F19763A}.Release|ARM.Build.0 = Release|Any CPU
		{85C67FA3-6E17-40A1-86CF-64837F19763A}.Release|ARM64.ActiveCfg = Release|Any CPU
		{85C67FA3-6E17-40A1-86CF-64837F19763A}.Release|ARM64.Build.0 = Release|Any CPU
		{85C67FA3-6E17-40A1-86CF-64837F19763A}.Release|x64.ActiveCfg = Release|Any CPU
		{85C67FA3-6E17-40A1-86CF-64837F19763A}.Release|x64.Build.0 = Release|Any CPU
		{85C67FA3-6E17-40A1-86CF-64837F19763A}.Release|x86.ActiveCfg = Release|Any CPU
		{85C67FA3-6E17-40A1-86CF-64837F19763A}.Release|x86.Build.0 = Release|Any CPU
	EndGlobalSection
	GlobalSection(SolutionProperties) = preSolution
		HideSolutionNode = FALSE
	EndGlobalSection
	GlobalSection(ExtensibilityGlobals) = postSolution
		SolutionGuid = {03715CD4-7470-41B9-BCAD-CB0ACC3B360C}
	EndGlobalSection
EndGlobal
